
Microsoft Visual Studio Solution File, Format Version 12.00
# Visual Studio Version 16
VisualStudioVersion = 16.0.29403.142
MinimumVisualStudioVersion = 10.0.40219.1
Project("{FAE04EC0-301F-11D3-BF4B-00C04F79EFBC}") = "WorkLogger", "WorkLogger\WorkLogger.csproj", "{3FFAFE4B-F34F-44B9-9F85-32D31E344E8F}"
EndProject
Global
	GlobalSection(SolutionConfigurationPlatforms) = preSolution
		Debug|Any CPU = Debug|Any CPU
		Release|Any CPU = Release|Any CPU
	EndGlobalSection
	GlobalSection(ProjectConfigurationPlatforms) = postSolution
		{3FFAFE4B-F34F-44B9-9F85-32D31E344E8F}.Debug|Any CPU.ActiveCfg = Debug|Any CPU
		{3FFAFE4B-F34F-44B9-9F85-32D31E344E8F}.Debug|Any CPU.Build.0 = Debug|Any CPU
		{3FFAFE4B-F34F-44B9-9F85-32D31E344E8F}.Release|Any CPU.ActiveCfg = Release|Any CPU
		{3FFAFE4B-F34F-44B9-9F85-32D31E344E8F}.Release|Any CPU.Build.0 = Release|Any CPU
	EndGlobalSection
	GlobalSection(SolutionProperties) = preSolution
		HideSolutionNode = FALSE
	EndGlobalSection
	GlobalSection(ExtensibilityGlobals) = postSolution
		SolutionGuid = {B36B4974-34B9-4586-B1F7-A37A35BDE174}
	EndGlobalSection
EndGlobal
